// !$*UTF8*$!
{
	archiveVersion = 1;
	classes = {
	};
	objectVersion = 50;
	objects = {

/* Begin PBXBuildFile section */
		DE7807C926EA227E00FC5FAF /* TempoApp.swift in Sources */ = {isa = PBXBuildFile; fileRef = DE7807B626EA227D00FC5FAF /* TempoApp.swift */; };
		DE7807CA26EA227E00FC5FAF /* TempoApp.swift in Sources */ = {isa = PBXBuildFile; fileRef = DE7807B626EA227D00FC5FAF /* TempoApp.swift */; };
		DE7807CB26EA227E00FC5FAF /* ContentView.swift in Sources */ = {isa = PBXBuildFile; fileRef = DE7807B726EA227D00FC5FAF /* ContentView.swift */; };
		DE7807CC26EA227E00FC5FAF /* ContentView.swift in Sources */ = {isa = PBXBuildFile; fileRef = DE7807B726EA227D00FC5FAF /* ContentView.swift */; };
		DE7807CD26EA227E00FC5FAF /* Assets.xcassets in Resources */ = {isa = PBXBuildFile; fileRef = DE7807B826EA227E00FC5FAF /* Assets.xcassets */; };
		DE7807CE26EA227E00FC5FAF /* Assets.xcassets in Resources */ = {isa = PBXBuildFile; fileRef = DE7807B826EA227E00FC5FAF /* Assets.xcassets */; };
/* End PBXBuildFile section */

/* Begin PBXFileReference section */
		DE7807B626EA227D00FC5FAF /* TempoApp.swift */ = {isa = PBXFileReference; lastKnownFileType = sourcecode.swift; path = TempoApp.swift; sourceTree = "<group>"; };
		DE7807B726EA227D00FC5FAF /* ContentView.swift */ = {isa = PBXFileReference; lastKnownFileType = sourcecode.swift; path = ContentView.swift; sourceTree = "<group>"; };
		DE7807B826EA227E00FC5FAF /* Assets.xcassets */ = {isa = PBXFileReference; lastKnownFileType = folder.assetcatalog; path = Assets.xcassets; sourceTree = "<group>"; };
		DE7807BD26EA227E00FC5FAF /* Tempo.app */ = {isa = PBXFileReference; explicitFileType = wrapper.application; includeInIndex = 0; path = Tempo.app; sourceTree = BUILT_PRODUCTS_DIR; };
		DE7807C026EA227E00FC5FAF /* Info.plist */ = {isa = PBXFileReference; lastKnownFileType = text.plist.xml; path = Info.plist; sourceTree = "<group>"; };
		DE7807C526EA227E00FC5FAF /* Tempo.app */ = {isa = PBXFileReference; explicitFileType = wrapper.application; includeInIndex = 0; path = Tempo.app; sourceTree = BUILT_PRODUCTS_DIR; };
		DE7807C726EA227E00FC5FAF /* Info.plist */ = {isa = PBXFileReference; lastKnownFileType = text.plist.xml; path = Info.plist; sourceTree = "<group>"; };
		DE7807C826EA227E00FC5FAF /* macOS.entitlements */ = {isa = PBXFileReference; lastKnownFileType = text.plist.entitlements; path = macOS.entitlements; sourceTree = "<group>"; };
/* End PBXFileReference section */

/* Begin PBXFrameworksBuildPhase section */
		DE7807BA26EA227E00FC5FAF /* Frameworks */ = {
			isa = PBXFrameworksBuildPhase;
			buildActionMask = 2147483647;
			files = (
			);
			runOnlyForDeploymentPostprocessing = 0;
		};
		DE7807C226EA227E00FC5FAF /* Frameworks */ = {
			isa = PBXFrameworksBuildPhase;
			buildActionMask = 2147483647;
			files = (
			);
			runOnlyForDeploymentPostprocessing = 0;
		};
/* End PBXFrameworksBuildPhase section */

/* Begin PBXGroup section */
		DE7807B026EA227D00FC5FAF = {
			isa = PBXGroup;
			children = (
				DE7807B526EA227D00FC5FAF /* Shared */,
				DE7807BF26EA227E00FC5FAF /* iOS */,
				DE7807C626EA227E00FC5FAF /* macOS */,
				DE7807BE26EA227E00FC5FAF /* Products */,
			);
			sourceTree = "<group>";
		};
		DE7807B526EA227D00FC5FAF /* Shared */ = {
			isa = PBXGroup;
			children = (
				DE7807B626EA227D00FC5FAF /* TempoApp.swift */,
				DE7807B726EA227D00FC5FAF /* ContentView.swift */,
				DE7807B826EA227E00FC5FAF /* Assets.xcassets */,
			);
			path = Shared;
			sourceTree = "<group>";
		};
		DE7807BE26EA227E00FC5FAF /* Products */ = {
			isa = PBXGroup;
			children = (
				DE7807BD26EA227E00FC5FAF /* Tempo.app */,
				DE7807C526EA227E00FC5FAF /* Tempo.app */,
			);
			name = Products;
			sourceTree = "<group>";
		};
		DE7807BF26EA227E00FC5FAF /* iOS */ = {
			isa = PBXGroup;
			children = (
				DE7807C026EA227E00FC5FAF /* Info.plist */,
			);
			path = iOS;
			sourceTree = "<group>";
		};
		DE7807C626EA227E00FC5FAF /* macOS */ = {
			isa = PBXGroup;
			children = (
				DE7807C726EA227E00FC5FAF /* Info.plist */,
				DE7807C826EA227E00FC5FAF /* macOS.entitlements */,
			);
			path = macOS;
			sourceTree = "<group>";
		};
/* End PBXGroup section */

/* Begin PBXNativeTarget section */
		DE7807BC26EA227E00FC5FAF /* Tempo (iOS) */ = {
			isa = PBXNativeTarget;
			buildConfigurationList = DE7807D126EA227E00FC5FAF /* Build configuration list for PBXNativeTarget "Tempo (iOS)" */;
			buildPhases = (
				DE7807B926EA227E00FC5FAF /* Sources */,
				DE7807BA26EA227E00FC5FAF /* Frameworks */,
				DE7807BB26EA227E00FC5FAF /* Resources */,
			);
			buildRules = (
			);
			dependencies = (
			);
			name = "Tempo (iOS)";
			productName = "Tempo (iOS)";
			productReference = DE7807BD26EA227E00FC5FAF /* Tempo.app */;
			productType = "com.apple.product-type.application";
		};
		DE7807C426EA227E00FC5FAF /* Tempo (macOS) */ = {
			isa = PBXNativeTarget;
			buildConfigurationList = DE7807D426EA227E00FC5FAF /* Build configuration list for PBXNativeTarget "Tempo (macOS)" */;
			buildPhases = (
				DE7807C126EA227E00FC5FAF /* Sources */,
				DE7807C226EA227E00FC5FAF /* Frameworks */,
				DE7807C326EA227E00FC5FAF /* Resources */,
			);
			buildRules = (
			);
			dependencies = (
			);
			name = "Tempo (macOS)";
			productName = "Tempo (macOS)";
			productReference = DE7807C526EA227E00FC5FAF /* Tempo.app */;
			productType = "com.apple.product-type.application";
		};
/* End PBXNativeTarget section */

/* Begin PBXProject section */
		DE7807B126EA227D00FC5FAF /* Project object */ = {
			isa = PBXProject;
			attributes = {
				LastSwiftUpdateCheck = 1250;
				LastUpgradeCheck = 1250;
				TargetAttributes = {
					DE7807BC26EA227E00FC5FAF = {
						CreatedOnToolsVersion = 12.5.1;
					};
					DE7807C426EA227E00FC5FAF = {
						CreatedOnToolsVersion = 12.5.1;
					};
				};
			};
			buildConfigurationList = DE7807B426EA227D00FC5FAF /* Build configuration list for PBXProject "Tempo" */;
			compatibilityVersion = "Xcode 9.3";
			developmentRegion = en;
			hasScannedForEncodings = 0;
			knownRegions = (
				en,
				Base,
			);
			mainGroup = DE7807B026EA227D00FC5FAF;
			productRefGroup = DE7807BE26EA227E00FC5FAF /* Products */;
			projectDirPath = "";
			projectRoot = "";
			targets = (
				DE7807BC26EA227E00FC5FAF /* Tempo (iOS) */,
				DE7807C426EA227E00FC5FAF /* Tempo (macOS) */,
			);
		};
/* End PBXProject section */

/* Begin PBXResourcesBuildPhase section */
		DE7807BB26EA227E00FC5FAF /* Resources */ = {
			isa = PBXResourcesBuildPhase;
			buildActionMask = 2147483647;
			files = (
				DE7807CD26EA227E00FC5FAF /* Assets.xcassets in Resources */,
			);
			runOnlyForDeploymentPostprocessing = 0;
		};
		DE7807C326EA227E00FC5FAF /* Resources */ = {
			isa = PBXResourcesBuildPhase;
			buildActionMask = 2147483647;
			files = (
				DE7807CE26EA227E00FC5FAF /* Assets.xcassets in Resources */,
			);
			runOnlyForDeploymentPostprocessing = 0;
		};
/* End PBXResourcesBuildPhase section */

/* Begin PBXSourcesBuildPhase section */
		DE7807B926EA227E00FC5FAF /* Sources */ = {
			isa = PBXSourcesBuildPhase;
			buildActionMask = 2147483647;
			files = (
				DE7807CB26EA227E00FC5FAF /* ContentView.swift in Sources */,
				DE7807C926EA227E00FC5FAF /* TempoApp.swift in Sources */,
			);
			runOnlyForDeploymentPostprocessing = 0;
		};
		DE7807C126EA227E00FC5FAF /* Sources */ = {
			isa = PBXSourcesBuildPhase;
			buildActionMask = 2147483647;
			files = (
				DE7807CC26EA227E00FC5FAF /* ContentView.swift in Sources */,
				DE7807CA26EA227E00FC5FAF /* TempoApp.swift in Sources */,
			);
			runOnlyForDeploymentPostprocessing = 0;
		};
/* End PBXSourcesBuildPhase section */

/* Begin XCBuildConfiguration section */
		DE7807CF26EA227E00FC5FAF /* Debug */ = {
			isa = XCBuildConfiguration;
			buildSettings = {
				ALWAYS_SEARCH_USER_PATHS = NO;
				CLANG_ANALYZER_NONNULL = YES;
				CLANG_ANALYZER_NUMBER_OBJECT_CONVERSION = YES_AGGRESSIVE;
				CLANG_CXX_LANGUAGE_STANDARD = "gnu++14";
				CLANG_CXX_LIBRARY = "libc++";
				CLANG_ENABLE_MODULES = YES;
				CLANG_ENABLE_OBJC_ARC = YES;
				CLANG_ENABLE_OBJC_WEAK = YES;
				CLANG_WARN_BLOCK_CAPTURE_AUTORELEASING = YES;
				CLANG_WARN_BOOL_CONVERSION = YES;
				CLANG_WARN_COMMA = YES;
				CLANG_WARN_CONSTANT_CONVERSION = YES;
				CLANG_WARN_DEPRECATED_OBJC_IMPLEMENTATIONS = YES;
				CLANG_WARN_DIRECT_OBJC_ISA_USAGE = YES_ERROR;
				CLANG_WARN_DOCUMENTATION_COMMENTS = YES;
				CLANG_WARN_EMPTY_BODY = YES;
				CLANG_WARN_ENUM_CONVERSION = YES;
				CLANG_WARN_INFINITE_RECURSION = YES;
				CLANG_WARN_INT_CONVERSION = YES;
				CLANG_WARN_NON_LITERAL_NULL_CONVERSION = YES;
				CLANG_WARN_OBJC_IMPLICIT_RETAIN_SELF = YES;
				CLANG_WARN_OBJC_LITERAL_CONVERSION = YES;
				CLANG_WARN_OBJC_ROOT_CLASS = YES_ERROR;
				CLANG_WARN_QUOTED_INCLUDE_IN_FRAMEWORK_HEADER = YES;
				CLANG_WARN_RANGE_LOOP_ANALYSIS = YES;
				CLANG_WARN_STRICT_PROTOTYPES = YES;
				CLANG_WARN_SUSPICIOUS_MOVE = YES;
				CLANG_WARN_UNGUARDED_AVAILABILITY = YES_AGGRESSIVE;
				CLANG_WARN_UNREACHABLE_CODE = YES;
				CLANG_WARN__DUPLICATE_METHOD_MATCH = YES;
				COPY_PHASE_STRIP = NO;
				DEBUG_INFORMATION_FORMAT = dwarf;
				ENABLE_STRICT_OBJC_MSGSEND = YES;
				ENABLE_TESTABILITY = YES;
				GCC_C_LANGUAGE_STANDARD = gnu11;
				GCC_DYNAMIC_NO_PIC = NO;
				GCC_NO_COMMON_BLOCKS = YES;
				GCC_OPTIMIZATION_LEVEL = 0;
				GCC_PREPROCESSOR_DEFINITIONS = (
					"DEBUG=1",
					"$(inherited)",
				);
				GCC_WARN_64_TO_32_BIT_CONVERSION = YES;
				GCC_WARN_ABOUT_RETURN_TYPE = YES_ERROR;
				GCC_WARN_UNDECLARED_SELECTOR = YES;
				GCC_WARN_UNINITIALIZED_AUTOS = YES_AGGRESSIVE;
				GCC_WARN_UNUSED_FUNCTION = YES;
				GCC_WARN_UNUSED_VARIABLE = YES;
				MTL_ENABLE_DEBUG_INFO = INCLUDE_SOURCE;
				MTL_FAST_MATH = YES;
				ONLY_ACTIVE_ARCH = YES;
				SWIFT_ACTIVE_COMPILATION_CONDITIONS = DEBUG;
				SWIFT_OPTIMIZATION_LEVEL = "-Onone";
			};
			name = Debug;
		};
		DE7807D026EA227E00FC5FAF /* Release */ = {
			isa = XCBuildConfiguration;
			buildSettings = {
				ALWAYS_SEARCH_USER_PATHS = NO;
				CLANG_ANALYZER_NONNULL = YES;
				CLANG_ANALYZER_NUMBER_OBJECT_CONVERSION = YES_AGGRESSIVE;
				CLANG_CXX_LANGUAGE_STANDARD = "gnu++14";
				CLANG_CXX_LIBRARY = "libc++";
				CLANG_ENABLE_MODULES = YES;
				CLANG_ENABLE_OBJC_ARC = YES;
				CLANG_ENABLE_OBJC_WEAK = YES;
				CLANG_WARN_BLOCK_CAPTURE_AUTORELEASING = YES;
				CLANG_WARN_BOOL_CONVERSION = YES;
				CLANG_WARN_COMMA = YES;
				CLANG_WARN_CONSTANT_CONVERSION = YES;
				CLANG_WARN_DEPRECATED_OBJC_IMPLEMENTATIONS = YES;
				CLANG_WARN_DIRECT_OBJC_ISA_USAGE = YES_ERROR;
				CLANG_WARN_DOCUMENTATION_COMMENTS = YES;
				CLANG_WARN_EMPTY_BODY = YES;
				CLANG_WARN_ENUM_CONVERSION = YES;
				CLANG_WARN_INFINITE_RECURSION = YES;
				CLANG_WARN_INT_CONVERSION = YES;
				CLANG_WARN_NON_LITERAL_NULL_CONVERSION = YES;
				CLANG_WARN_OBJC_IMPLICIT_RETAIN_SELF = YES;
				CLANG_WARN_OBJC_LITERAL_CONVERSION = YES;
				CLANG_WARN_OBJC_ROOT_CLASS = YES_ERROR;
				CLANG_WARN_QUOTED_INCLUDE_IN_FRAMEWORK_HEADER = YES;
				CLANG_WARN_RANGE_LOOP_ANALYSIS = YES;
				CLANG_WARN_STRICT_PROTOTYPES = YES;
				CLANG_WARN_SUSPICIOUS_MOVE = YES;
				CLANG_WARN_UNGUARDED_AVAILABILITY = YES_AGGRESSIVE;
				CLANG_WARN_UNREACHABLE_CODE = YES;
				CLANG_WARN__DUPLICATE_METHOD_MATCH = YES;
				COPY_PHASE_STRIP = NO;
				DEBUG_INFORMATION_FORMAT = "dwarf-with-dsym";
				ENABLE_NS_ASSERTIONS = NO;
				ENABLE_STRICT_OBJC_MSGSEND = YES;
				GCC_C_LANGUAGE_STANDARD = gnu11;
				GCC_NO_COMMON_BLOCKS = YES;
				GCC_WARN_64_TO_32_BIT_CONVERSION = YES;
				GCC_WARN_ABOUT_RETURN_TYPE = YES_ERROR;
				GCC_WARN_UNDECLARED_SELECTOR = YES;
				GCC_WARN_UNINITIALIZED_AUTOS = YES_AGGRESSIVE;
				GCC_WARN_UNUSED_FUNCTION = YES;
				GCC_WARN_UNUSED_VARIABLE = YES;
				MTL_ENABLE_DEBUG_INFO = NO;
				MTL_FAST_MATH = YES;
				SWIFT_COMPILATION_MODE = wholemodule;
				SWIFT_OPTIMIZATION_LEVEL = "-O";
			};
			name = Release;
		};
		DE7807D226EA227E00FC5FAF /* Debug */ = {
			isa = XCBuildConfiguration;
			buildSettings = {
				ASSETCATALOG_COMPILER_APPICON_NAME = AppIcon;
				ASSETCATALOG_COMPILER_GLOBAL_ACCENT_COLOR_NAME = AccentColor;
				CODE_SIGN_STYLE = Automatic;
				DEVELOPMENT_TEAM = 7WWSH9YFTX;
				ENABLE_PREVIEWS = YES;
				INFOPLIST_FILE = iOS/Info.plist;
				IPHONEOS_DEPLOYMENT_TARGET = 14.0;
				LD_RUNPATH_SEARCH_PATHS = (
					"$(inherited)",
					"@executable_path/Frameworks",
				);
				PRODUCT_BUNDLE_IDENTIFIER = fr.meaningful.Tempo;
				PRODUCT_NAME = Tempo;
				SDKROOT = iphoneos;
				SWIFT_VERSION = 5.0;
				TARGETED_DEVICE_FAMILY = "1,2";
			};
			name = Debug;
		};
		DE7807D326EA227E00FC5FAF /* Release */ = {
			isa = XCBuildConfiguration;
			buildSettings = {
				ASSETCATALOG_COMPILER_APPICON_NAME = AppIcon;
				ASSETCATALOG_COMPILER_GLOBAL_ACCENT_COLOR_NAME = AccentColor;
				CODE_SIGN_STYLE = Automatic;
				DEVELOPMENT_TEAM = 7WWSH9YFTX;
				ENABLE_PREVIEWS = YES;
				INFOPLIST_FILE = iOS/Info.plist;
				IPHONEOS_DEPLOYMENT_TARGET = 14.0;
				LD_RUNPATH_SEARCH_PATHS = (
					"$(inherited)",
					"@executable_path/Frameworks",
				);
				PRODUCT_BUNDLE_IDENTIFIER = fr.meaningful.Tempo;
				PRODUCT_NAME = Tempo;
				SDKROOT = iphoneos;
				SWIFT_VERSION = 5.0;
				TARGETED_DEVICE_FAMILY = "1,2";
				VALIDATE_PRODUCT = YES;
			};
			name = Release;
		};
		DE7807D526EA227E00FC5FAF /* Debug */ = {
			isa = XCBuildConfiguration;
			buildSettings = {
				ASSETCATALOG_COMPILER_APPICON_NAME = AppIcon;
				ASSETCATALOG_COMPILER_GLOBAL_ACCENT_COLOR_NAME = AccentColor;
				CODE_SIGN_ENTITLEMENTS = macOS/macOS.entitlements;
				CODE_SIGN_STYLE = Automatic;
				COMBINE_HIDPI_IMAGES = YES;
				DEVELOPMENT_TEAM = 7WWSH9YFTX;
				ENABLE_HARDENED_RUNTIME = YES;
				ENABLE_PREVIEWS = YES;
				INFOPLIST_FILE = macOS/Info.plist;
				LD_RUNPATH_SEARCH_PATHS = (
					"$(inherited)",
					"@executable_path/../Frameworks",
				);
				MACOSX_DEPLOYMENT_TARGET = 11.0;
				PRODUCT_BUNDLE_IDENTIFIER = fr.meaningful.Tempo;
				PRODUCT_NAME = Tempo;
				SDKROOT = macosx;
				SWIFT_VERSION = 5.0;
			};
			name = Debug;
		};
		DE7807D626EA227E00FC5FAF /* Release */ = {
			isa = XCBuildConfiguration;
			buildSettings = {
				ASSETCATALOG_COMPILER_APPICON_NAME = AppIcon;
				ASSETCATALOG_COMPILER_GLOBAL_ACCENT_COLOR_NAME = AccentColor;
				CODE_SIGN_ENTITLEMENTS = macOS/macOS.entitlements;
				CODE_SIGN_STYLE = Automatic;
				COMBINE_HIDPI_IMAGES = YES;
				DEVELOPMENT_TEAM = 7WWSH9YFTX;
				ENABLE_HARDENED_RUNTIME = YES;
				ENABLE_PREVIEWS = YES;
				INFOPLIST_FILE = macOS/Info.plist;
				LD_RUNPATH_SEARCH_PATHS = (
					"$(inherited)",
					"@executable_path/../Frameworks",
				);
				MACOSX_DEPLOYMENT_TARGET = 11.0;
				PRODUCT_BUNDLE_IDENTIFIER = fr.meaningful.Tempo;
				PRODUCT_NAME = Tempo;
				SDKROOT = macosx;
				SWIFT_VERSION = 5.0;
			};
			name = Release;
		};
/* End XCBuildConfiguration section */

/* Begin XCConfigurationList section */
		DE7807B426EA227D00FC5FAF /* Build configuration list for PBXProject "Tempo" */ = {
			isa = XCConfigurationList;
			buildConfigurations = (
				DE7807CF26EA227E00FC5FAF /* Debug */,
				DE7807D026EA227E00FC5FAF /* Release */,
			);
			defaultConfigurationIsVisible = 0;
			defaultConfigurationName = Release;
		};
		DE7807D126EA227E00FC5FAF /* Build configuration list for PBXNativeTarget "Tempo (iOS)" */ = {
			isa = XCConfigurationList;
			buildConfigurations = (
				DE7807D226EA227E00FC5FAF /* Debug */,
				DE7807D326EA227E00FC5FAF /* Release */,
			);
			defaultConfigurationIsVisible = 0;
			defaultConfigurationName = Release;
		};
		DE7807D426EA227E00FC5FAF /* Build configuration list for PBXNativeTarget "Tempo (macOS)" */ = {
			isa = XCConfigurationList;
			buildConfigurations = (
				DE7807D526EA227E00FC5FAF /* Debug */,
				DE7807D626EA227E00FC5FAF /* Release */,
			);
			defaultConfigurationIsVisible = 0;
			defaultConfigurationName = Release;
		};
/* End XCConfigurationList section */
	};
	rootObject = DE7807B126EA227D00FC5FAF /* Project object */;
}
