// !$*UTF8*$!
{
	archiveVersion = 1;
	classes = {
	};
	objectVersion = 50;
	objects = {

/* Begin PBXBuildFile section */
		DE06083026F2395800BF3AFB /* SecondaryAction.swift in Sources */ = {isa = PBXBuildFile; fileRef = DE06082F26F2395800BF3AFB /* SecondaryAction.swift */; };
		DE06083126F2395800BF3AFB /* SecondaryAction.swift in Sources */ = {isa = PBXBuildFile; fileRef = DE06082F26F2395800BF3AFB /* SecondaryAction.swift */; };
		DE15AB3326EB738F00B6AB27 /* TempoLink.swift in Sources */ = {isa = PBXBuildFile; fileRef = DE7807DC26EA3FEA00FC5FAF /* TempoLink.swift */; };
		DE15AB3426EB73A300B6AB27 /* ArcCircle.swift in Sources */ = {isa = PBXBuildFile; fileRef = DE80A04426EB63AF00598DC6 /* ArcCircle.swift */; };
		DE15AB3526EB73A500B6AB27 /* TempoInterface.swift in Sources */ = {isa = PBXBuildFile; fileRef = DE80A04026EB607600598DC6 /* TempoInterface.swift */; };
		DE15AB3626EB73A900B6AB27 /* TempoButton.swift in Sources */ = {isa = PBXBuildFile; fileRef = DE80A04226EB624A00598DC6 /* TempoButton.swift */; };
		DE15AB3726EB73AC00B6AB27 /* TimerWheel.swift in Sources */ = {isa = PBXBuildFile; fileRef = DE7807EA26EA47F900FC5FAF /* TimerWheel.swift */; };
		DE15AB3826EB73AF00B6AB27 /* Header.swift in Sources */ = {isa = PBXBuildFile; fileRef = DE7807D926EA3F6000FC5FAF /* Header.swift */; };
		DE15AB3926EB73B900B6AB27 /* TimerDisplay.swift in Sources */ = {isa = PBXBuildFile; fileRef = DE7807E826EA47CB00FC5FAF /* TimerDisplay.swift */; };
		DE15AB3A26EB73C100B6AB27 /* SafeAreaInsetsKey.swift in Sources */ = {isa = PBXBuildFile; fileRef = DE7807E626EA466900FC5FAF /* SafeAreaInsetsKey.swift */; };
		DE15AB3B26EB73C600B6AB27 /* RoundedCornerShape.swift in Sources */ = {isa = PBXBuildFile; fileRef = DE7807E326EA44CA00FC5FAF /* RoundedCornerShape.swift */; };
		DE15AB3C26EB73C900B6AB27 /* Color_extension.swift in Sources */ = {isa = PBXBuildFile; fileRef = DE7807E026EA43EF00FC5FAF /* Color_extension.swift */; };
		DE469C6826F367180048F9DE /* TempoConfiguration.swift in Sources */ = {isa = PBXBuildFile; fileRef = DE469C6726F367180048F9DE /* TempoConfiguration.swift */; };
		DE469C6926F367180048F9DE /* TempoConfiguration.swift in Sources */ = {isa = PBXBuildFile; fileRef = DE469C6726F367180048F9DE /* TempoConfiguration.swift */; };
		DE5A327326F8938900A3EF26 /* NSBezierPath_extension.swift in Sources */ = {isa = PBXBuildFile; fileRef = DE5A327226F8938900A3EF26 /* NSBezierPath_extension.swift */; };
		DE5A327426F8938900A3EF26 /* NSBezierPath_extension.swift in Sources */ = {isa = PBXBuildFile; fileRef = DE5A327226F8938900A3EF26 /* NSBezierPath_extension.swift */; };
		DE7807C926EA227E00FC5FAF /* TempoApp.swift in Sources */ = {isa = PBXBuildFile; fileRef = DE7807B626EA227D00FC5FAF /* TempoApp.swift */; };
		DE7807CA26EA227E00FC5FAF /* TempoApp.swift in Sources */ = {isa = PBXBuildFile; fileRef = DE7807B626EA227D00FC5FAF /* TempoApp.swift */; };
		DE7807CB26EA227E00FC5FAF /* MainView.swift in Sources */ = {isa = PBXBuildFile; fileRef = DE7807B726EA227D00FC5FAF /* MainView.swift */; };
		DE7807CC26EA227E00FC5FAF /* MainView.swift in Sources */ = {isa = PBXBuildFile; fileRef = DE7807B726EA227D00FC5FAF /* MainView.swift */; };
		DE7807CD26EA227E00FC5FAF /* Assets.xcassets in Resources */ = {isa = PBXBuildFile; fileRef = DE7807B826EA227E00FC5FAF /* Assets.xcassets */; };
		DE7807CE26EA227E00FC5FAF /* Assets.xcassets in Resources */ = {isa = PBXBuildFile; fileRef = DE7807B826EA227E00FC5FAF /* Assets.xcassets */; };
		DE7807DA26EA3F6000FC5FAF /* Header.swift in Sources */ = {isa = PBXBuildFile; fileRef = DE7807D926EA3F6000FC5FAF /* Header.swift */; };
		DE7807DD26EA3FEA00FC5FAF /* TempoLink.swift in Sources */ = {isa = PBXBuildFile; fileRef = DE7807DC26EA3FEA00FC5FAF /* TempoLink.swift */; };
		DE7807E126EA43EF00FC5FAF /* Color_extension.swift in Sources */ = {isa = PBXBuildFile; fileRef = DE7807E026EA43EF00FC5FAF /* Color_extension.swift */; };
		DE7807E426EA44CA00FC5FAF /* RoundedCornerShape.swift in Sources */ = {isa = PBXBuildFile; fileRef = DE7807E326EA44CA00FC5FAF /* RoundedCornerShape.swift */; };
		DE7807E726EA466900FC5FAF /* SafeAreaInsetsKey.swift in Sources */ = {isa = PBXBuildFile; fileRef = DE7807E626EA466900FC5FAF /* SafeAreaInsetsKey.swift */; };
		DE7807E926EA47CB00FC5FAF /* TimerDisplay.swift in Sources */ = {isa = PBXBuildFile; fileRef = DE7807E826EA47CB00FC5FAF /* TimerDisplay.swift */; };
		DE7807EB26EA47F900FC5FAF /* TimerWheel.swift in Sources */ = {isa = PBXBuildFile; fileRef = DE7807EA26EA47F900FC5FAF /* TimerWheel.swift */; };
		DE7807ED26EA4A5E00FC5FAF /* TimeIndicator.swift in Sources */ = {isa = PBXBuildFile; fileRef = DE7807EC26EA4A5E00FC5FAF /* TimeIndicator.swift */; };
		DE7807EE26EA4A5E00FC5FAF /* TimeIndicator.swift in Sources */ = {isa = PBXBuildFile; fileRef = DE7807EC26EA4A5E00FC5FAF /* TimeIndicator.swift */; };
		DE80A04126EB607600598DC6 /* TempoInterface.swift in Sources */ = {isa = PBXBuildFile; fileRef = DE80A04026EB607600598DC6 /* TempoInterface.swift */; };
		DE80A04326EB624A00598DC6 /* TempoButton.swift in Sources */ = {isa = PBXBuildFile; fileRef = DE80A04226EB624A00598DC6 /* TempoButton.swift */; };
		DE80A04526EB63AF00598DC6 /* ArcCircle.swift in Sources */ = {isa = PBXBuildFile; fileRef = DE80A04426EB63AF00598DC6 /* ArcCircle.swift */; };
		DE8B789926F1F4B70029045B /* Sora-Regular.ttf in Resources */ = {isa = PBXBuildFile; fileRef = DE8B789726F1F4B70029045B /* Sora-Regular.ttf */; };
		DE8B789A26F1F4B70029045B /* Sora-Regular.ttf in Resources */ = {isa = PBXBuildFile; fileRef = DE8B789726F1F4B70029045B /* Sora-Regular.ttf */; };
		DE8B789B26F1F4B70029045B /* Sora-SemiBold.ttf in Resources */ = {isa = PBXBuildFile; fileRef = DE8B789826F1F4B70029045B /* Sora-SemiBold.ttf */; };
		DE8B789C26F1F4B70029045B /* Sora-SemiBold.ttf in Resources */ = {isa = PBXBuildFile; fileRef = DE8B789826F1F4B70029045B /* Sora-SemiBold.ttf */; };
		DE8B789E26F1F52A0029045B /* Fonts.swift in Sources */ = {isa = PBXBuildFile; fileRef = DE8B789D26F1F52A0029045B /* Fonts.swift */; };
		DE8B789F26F1F52A0029045B /* Fonts.swift in Sources */ = {isa = PBXBuildFile; fileRef = DE8B789D26F1F52A0029045B /* Fonts.swift */; };
		DE8E8FCA26F491AE00479325 /* ConfigurationView.swift in Sources */ = {isa = PBXBuildFile; fileRef = DE8E8FC926F491AE00479325 /* ConfigurationView.swift */; };
		DE8E8FCB26F491AE00479325 /* ConfigurationView.swift in Sources */ = {isa = PBXBuildFile; fileRef = DE8E8FC926F491AE00479325 /* ConfigurationView.swift */; };
		DE8E8FCD26F492CF00479325 /* WiFiCard.swift in Sources */ = {isa = PBXBuildFile; fileRef = DE8E8FCC26F492CF00479325 /* WiFiCard.swift */; };
		DE8E8FCE26F492CF00479325 /* WiFiCard.swift in Sources */ = {isa = PBXBuildFile; fileRef = DE8E8FCC26F492CF00479325 /* WiFiCard.swift */; };
		DE8E8FD026F4944200479325 /* NewWiFiForm.swift in Sources */ = {isa = PBXBuildFile; fileRef = DE8E8FCF26F4944200479325 /* NewWiFiForm.swift */; };
		DE8E8FD126F4944200479325 /* NewWiFiForm.swift in Sources */ = {isa = PBXBuildFile; fileRef = DE8E8FCF26F4944200479325 /* NewWiFiForm.swift */; };
		DE8E8FD326F4952E00479325 /* InputField.swift in Sources */ = {isa = PBXBuildFile; fileRef = DE8E8FD226F4952E00479325 /* InputField.swift */; };
		DE8E8FD426F4952E00479325 /* InputField.swift in Sources */ = {isa = PBXBuildFile; fileRef = DE8E8FD226F4952E00479325 /* InputField.swift */; };
		DE8E8FD626F4C7DC00479325 /* TempoConfigurator.swift in Sources */ = {isa = PBXBuildFile; fileRef = DE8E8FD526F4C7DC00479325 /* TempoConfigurator.swift */; };
		DE8E8FD726F4C7DC00479325 /* TempoConfigurator.swift in Sources */ = {isa = PBXBuildFile; fileRef = DE8E8FD526F4C7DC00479325 /* TempoConfigurator.swift */; };
		DE8E8FD926F4CCA700479325 /* ConfigurationSuccessScreen.swift in Sources */ = {isa = PBXBuildFile; fileRef = DE8E8FD826F4CCA700479325 /* ConfigurationSuccessScreen.swift */; };
		DE8E8FDA26F4CCA700479325 /* ConfigurationSuccessScreen.swift in Sources */ = {isa = PBXBuildFile; fileRef = DE8E8FD826F4CCA700479325 /* ConfigurationSuccessScreen.swift */; };
		DE8E8FDC26F4D2E200479325 /* HelpView.swift in Sources */ = {isa = PBXBuildFile; fileRef = DE8E8FDB26F4D2E200479325 /* HelpView.swift */; };
		DE8E8FDD26F4D2E200479325 /* HelpView.swift in Sources */ = {isa = PBXBuildFile; fileRef = DE8E8FDB26F4D2E200479325 /* HelpView.swift */; };
		DEE50E6D26FA0BE6009C9CB6 /* ErrorToast.swift in Sources */ = {isa = PBXBuildFile; fileRef = DEE50E6C26FA0BE6009C9CB6 /* ErrorToast.swift */; };
		DEE50E6E26FA0BE6009C9CB6 /* ErrorToast.swift in Sources */ = {isa = PBXBuildFile; fileRef = DEE50E6C26FA0BE6009C9CB6 /* ErrorToast.swift */; };
		DEE6960126EB847B00BB1EC1 /* TempoFinder.swift in Sources */ = {isa = PBXBuildFile; fileRef = DEE6960026EB847B00BB1EC1 /* TempoFinder.swift */; };
		DEE6960226EB847B00BB1EC1 /* TempoFinder.swift in Sources */ = {isa = PBXBuildFile; fileRef = DEE6960026EB847B00BB1EC1 /* TempoFinder.swift */; };
		DEE6960426EB918300BB1EC1 /* TempoRepresentation.swift in Sources */ = {isa = PBXBuildFile; fileRef = DEE6960326EB918300BB1EC1 /* TempoRepresentation.swift */; };
		DEE6960526EB918300BB1EC1 /* TempoRepresentation.swift in Sources */ = {isa = PBXBuildFile; fileRef = DEE6960326EB918300BB1EC1 /* TempoRepresentation.swift */; };
		DEFACEB526F0EC42008A1D79 /* DispatchQueue_extension.swift in Sources */ = {isa = PBXBuildFile; fileRef = DEFACEB426F0EC42008A1D79 /* DispatchQueue_extension.swift */; };
		DEFACEB626F0EC42008A1D79 /* DispatchQueue_extension.swift in Sources */ = {isa = PBXBuildFile; fileRef = DEFACEB426F0EC42008A1D79 /* DispatchQueue_extension.swift */; };
/* End PBXBuildFile section */

/* Begin PBXFileReference section */
		DE06082F26F2395800BF3AFB /* SecondaryAction.swift */ = {isa = PBXFileReference; lastKnownFileType = sourcecode.swift; path = SecondaryAction.swift; sourceTree = "<group>"; };
		DE469C6726F367180048F9DE /* TempoConfiguration.swift */ = {isa = PBXFileReference; lastKnownFileType = sourcecode.swift; path = TempoConfiguration.swift; sourceTree = "<group>"; };
		DE5A327226F8938900A3EF26 /* NSBezierPath_extension.swift */ = {isa = PBXFileReference; lastKnownFileType = sourcecode.swift; path = NSBezierPath_extension.swift; sourceTree = "<group>"; };
		DE7807B626EA227D00FC5FAF /* TempoApp.swift */ = {isa = PBXFileReference; lastKnownFileType = sourcecode.swift; path = TempoApp.swift; sourceTree = "<group>"; };
		DE7807B726EA227D00FC5FAF /* MainView.swift */ = {isa = PBXFileReference; lastKnownFileType = sourcecode.swift; path = MainView.swift; sourceTree = "<group>"; };
		DE7807B826EA227E00FC5FAF /* Assets.xcassets */ = {isa = PBXFileReference; lastKnownFileType = folder.assetcatalog; path = Assets.xcassets; sourceTree = "<group>"; };
		DE7807BD26EA227E00FC5FAF /* Tempo.app */ = {isa = PBXFileReference; explicitFileType = wrapper.application; includeInIndex = 0; path = Tempo.app; sourceTree = BUILT_PRODUCTS_DIR; };
		DE7807C026EA227E00FC5FAF /* Info.plist */ = {isa = PBXFileReference; lastKnownFileType = text.plist.xml; path = Info.plist; sourceTree = "<group>"; };
		DE7807C526EA227E00FC5FAF /* Tempo.app */ = {isa = PBXFileReference; explicitFileType = wrapper.application; includeInIndex = 0; path = Tempo.app; sourceTree = BUILT_PRODUCTS_DIR; };
		DE7807C726EA227E00FC5FAF /* Info.plist */ = {isa = PBXFileReference; lastKnownFileType = text.plist.xml; path = Info.plist; sourceTree = "<group>"; };
		DE7807C826EA227E00FC5FAF /* macOS.entitlements */ = {isa = PBXFileReference; lastKnownFileType = text.plist.entitlements; path = macOS.entitlements; sourceTree = "<group>"; };
		DE7807D726EA229B00FC5FAF /* Tempo.entitlements */ = {isa = PBXFileReference; lastKnownFileType = text.plist.entitlements; path = Tempo.entitlements; sourceTree = "<group>"; };
		DE7807D926EA3F6000FC5FAF /* Header.swift */ = {isa = PBXFileReference; lastKnownFileType = sourcecode.swift; path = Header.swift; sourceTree = "<group>"; };
		DE7807DC26EA3FEA00FC5FAF /* TempoLink.swift */ = {isa = PBXFileReference; lastKnownFileType = sourcecode.swift; path = TempoLink.swift; sourceTree = "<group>"; };
		DE7807E026EA43EF00FC5FAF /* Color_extension.swift */ = {isa = PBXFileReference; lastKnownFileType = sourcecode.swift; path = Color_extension.swift; sourceTree = "<group>"; };
		DE7807E326EA44CA00FC5FAF /* RoundedCornerShape.swift */ = {isa = PBXFileReference; lastKnownFileType = sourcecode.swift; path = RoundedCornerShape.swift; sourceTree = "<group>"; };
		DE7807E626EA466900FC5FAF /* SafeAreaInsetsKey.swift */ = {isa = PBXFileReference; lastKnownFileType = sourcecode.swift; path = SafeAreaInsetsKey.swift; sourceTree = "<group>"; };
		DE7807E826EA47CB00FC5FAF /* TimerDisplay.swift */ = {isa = PBXFileReference; lastKnownFileType = sourcecode.swift; path = TimerDisplay.swift; sourceTree = "<group>"; };
		DE7807EA26EA47F900FC5FAF /* TimerWheel.swift */ = {isa = PBXFileReference; lastKnownFileType = sourcecode.swift; path = TimerWheel.swift; sourceTree = "<group>"; };
		DE7807EC26EA4A5E00FC5FAF /* TimeIndicator.swift */ = {isa = PBXFileReference; lastKnownFileType = sourcecode.swift; path = TimeIndicator.swift; sourceTree = "<group>"; };
		DE80A04026EB607600598DC6 /* TempoInterface.swift */ = {isa = PBXFileReference; lastKnownFileType = sourcecode.swift; path = TempoInterface.swift; sourceTree = "<group>"; };
		DE80A04226EB624A00598DC6 /* TempoButton.swift */ = {isa = PBXFileReference; lastKnownFileType = sourcecode.swift; path = TempoButton.swift; sourceTree = "<group>"; };
		DE80A04426EB63AF00598DC6 /* ArcCircle.swift */ = {isa = PBXFileReference; lastKnownFileType = sourcecode.swift; path = ArcCircle.swift; sourceTree = "<group>"; };
		DE8B789726F1F4B70029045B /* Sora-Regular.ttf */ = {isa = PBXFileReference; lastKnownFileType = file; path = "Sora-Regular.ttf"; sourceTree = "<group>"; };
		DE8B789826F1F4B70029045B /* Sora-SemiBold.ttf */ = {isa = PBXFileReference; lastKnownFileType = file; path = "Sora-SemiBold.ttf"; sourceTree = "<group>"; };
		DE8B789D26F1F52A0029045B /* Fonts.swift */ = {isa = PBXFileReference; lastKnownFileType = sourcecode.swift; path = Fonts.swift; sourceTree = "<group>"; };
		DE8E8FC926F491AE00479325 /* ConfigurationView.swift */ = {isa = PBXFileReference; lastKnownFileType = sourcecode.swift; path = ConfigurationView.swift; sourceTree = "<group>"; };
		DE8E8FCC26F492CF00479325 /* WiFiCard.swift */ = {isa = PBXFileReference; lastKnownFileType = sourcecode.swift; path = WiFiCard.swift; sourceTree = "<group>"; };
		DE8E8FCF26F4944200479325 /* NewWiFiForm.swift */ = {isa = PBXFileReference; lastKnownFileType = sourcecode.swift; path = NewWiFiForm.swift; sourceTree = "<group>"; };
		DE8E8FD226F4952E00479325 /* InputField.swift */ = {isa = PBXFileReference; lastKnownFileType = sourcecode.swift; path = InputField.swift; sourceTree = "<group>"; };
		DE8E8FD526F4C7DC00479325 /* TempoConfigurator.swift */ = {isa = PBXFileReference; lastKnownFileType = sourcecode.swift; path = TempoConfigurator.swift; sourceTree = "<group>"; };
		DE8E8FD826F4CCA700479325 /* ConfigurationSuccessScreen.swift */ = {isa = PBXFileReference; lastKnownFileType = sourcecode.swift; path = ConfigurationSuccessScreen.swift; sourceTree = "<group>"; };
		DE8E8FDB26F4D2E200479325 /* HelpView.swift */ = {isa = PBXFileReference; lastKnownFileType = sourcecode.swift; path = HelpView.swift; sourceTree = "<group>"; };
		DEE50E6C26FA0BE6009C9CB6 /* ErrorToast.swift */ = {isa = PBXFileReference; lastKnownFileType = sourcecode.swift; path = ErrorToast.swift; sourceTree = "<group>"; };
		DEE6960026EB847B00BB1EC1 /* TempoFinder.swift */ = {isa = PBXFileReference; lastKnownFileType = sourcecode.swift; path = TempoFinder.swift; sourceTree = "<group>"; };
		DEE6960326EB918300BB1EC1 /* TempoRepresentation.swift */ = {isa = PBXFileReference; lastKnownFileType = sourcecode.swift; path = TempoRepresentation.swift; sourceTree = "<group>"; };
		DEFACEB426F0EC42008A1D79 /* DispatchQueue_extension.swift */ = {isa = PBXFileReference; lastKnownFileType = sourcecode.swift; path = DispatchQueue_extension.swift; sourceTree = "<group>"; };
/* End PBXFileReference section */

/* Begin PBXFrameworksBuildPhase section */
		DE7807BA26EA227E00FC5FAF /* Frameworks */ = {
			isa = PBXFrameworksBuildPhase;
			buildActionMask = 2147483647;
			files = (
			);
			runOnlyForDeploymentPostprocessing = 0;
		};
		DE7807C226EA227E00FC5FAF /* Frameworks */ = {
			isa = PBXFrameworksBuildPhase;
			buildActionMask = 2147483647;
			files = (
			);
			runOnlyForDeploymentPostprocessing = 0;
		};
/* End PBXFrameworksBuildPhase section */

/* Begin PBXGroup section */
		DE7807B026EA227D00FC5FAF = {
			isa = PBXGroup;
			children = (
				DE7807D726EA229B00FC5FAF /* Tempo.entitlements */,
				DE7807B526EA227D00FC5FAF /* Shared */,
				DE7807BF26EA227E00FC5FAF /* iOS */,
				DE7807C626EA227E00FC5FAF /* macOS */,
				DE7807BE26EA227E00FC5FAF /* Products */,
			);
			sourceTree = "<group>";
		};
		DE7807B526EA227D00FC5FAF /* Shared */ = {
			isa = PBXGroup;
			children = (
				DE8E8FC826F4919B00479325 /* Views */,
				DE8B789626F1F4360029045B /* Fonts */,
				DE7807E526EA464900FC5FAF /* Utilitarians */,
				DE7807DB26EA3FDA00FC5FAF /* Managers */,
				DE7807D826EA3F5400FC5FAF /* Components */,
				DE7807B626EA227D00FC5FAF /* TempoApp.swift */,
				DE7807B826EA227E00FC5FAF /* Assets.xcassets */,
			);
			path = Shared;
			sourceTree = "<group>";
		};
		DE7807BE26EA227E00FC5FAF /* Products */ = {
			isa = PBXGroup;
			children = (
				DE7807BD26EA227E00FC5FAF /* Tempo.app */,
				DE7807C526EA227E00FC5FAF /* Tempo.app */,
			);
			name = Products;
			sourceTree = "<group>";
		};
		DE7807BF26EA227E00FC5FAF /* iOS */ = {
			isa = PBXGroup;
			children = (
				DE7807C026EA227E00FC5FAF /* Info.plist */,
			);
			path = iOS;
			sourceTree = "<group>";
		};
		DE7807C626EA227E00FC5FAF /* macOS */ = {
			isa = PBXGroup;
			children = (
				DE7807C726EA227E00FC5FAF /* Info.plist */,
				DE7807C826EA227E00FC5FAF /* macOS.entitlements */,
			);
			path = macOS;
			sourceTree = "<group>";
		};
		DE7807D826EA3F5400FC5FAF /* Components */ = {
			isa = PBXGroup;
			children = (
				DE7807D926EA3F6000FC5FAF /* Header.swift */,
				DE7807E826EA47CB00FC5FAF /* TimerDisplay.swift */,
				DE7807EA26EA47F900FC5FAF /* TimerWheel.swift */,
				DE80A04226EB624A00598DC6 /* TempoButton.swift */,
				DE06082F26F2395800BF3AFB /* SecondaryAction.swift */,
				DE8E8FCC26F492CF00479325 /* WiFiCard.swift */,
				DE8E8FCF26F4944200479325 /* NewWiFiForm.swift */,
				DE8E8FD226F4952E00479325 /* InputField.swift */,
				DE8E8FD826F4CCA700479325 /* ConfigurationSuccessScreen.swift */,
				DEE50E6C26FA0BE6009C9CB6 /* ErrorToast.swift */,
			);
			path = Components;
			sourceTree = "<group>";
		};
		DE7807DB26EA3FDA00FC5FAF /* Managers */ = {
			isa = PBXGroup;
			children = (
				DE7807DC26EA3FEA00FC5FAF /* TempoLink.swift */,
				DE80A04026EB607600598DC6 /* TempoInterface.swift */,
				DEE6960026EB847B00BB1EC1 /* TempoFinder.swift */,
				DEE6960326EB918300BB1EC1 /* TempoRepresentation.swift */,
				DE469C6726F367180048F9DE /* TempoConfiguration.swift */,
				DE8E8FD526F4C7DC00479325 /* TempoConfigurator.swift */,
			);
			path = Managers;
			sourceTree = "<group>";
		};
		DE7807DF26EA43E500FC5FAF /* Extensions */ = {
			isa = PBXGroup;
			children = (
				DE7807E026EA43EF00FC5FAF /* Color_extension.swift */,
				DEFACEB426F0EC42008A1D79 /* DispatchQueue_extension.swift */,
				DE5A327226F8938900A3EF26 /* NSBezierPath_extension.swift */,
			);
			path = Extensions;
			sourceTree = "<group>";
		};
		DE7807E226EA44A700FC5FAF /* Shapes */ = {
			isa = PBXGroup;
			children = (
				DE7807E326EA44CA00FC5FAF /* RoundedCornerShape.swift */,
				DE7807EC26EA4A5E00FC5FAF /* TimeIndicator.swift */,
				DE80A04426EB63AF00598DC6 /* ArcCircle.swift */,
			);
			path = Shapes;
			sourceTree = "<group>";
		};
		DE7807E526EA464900FC5FAF /* Utilitarians */ = {
			isa = PBXGroup;
			children = (
				DE7807DF26EA43E500FC5FAF /* Extensions */,
				DE7807E226EA44A700FC5FAF /* Shapes */,
				DE7807E626EA466900FC5FAF /* SafeAreaInsetsKey.swift */,
				DE8B789D26F1F52A0029045B /* Fonts.swift */,
			);
			path = Utilitarians;
			sourceTree = "<group>";
		};
		DE8B789626F1F4360029045B /* Fonts */ = {
			isa = PBXGroup;
			children = (
				DE8B789726F1F4B70029045B /* Sora-Regular.ttf */,
				DE8B789826F1F4B70029045B /* Sora-SemiBold.ttf */,
			);
			path = Fonts;
			sourceTree = "<group>";
		};
		DE8E8FC826F4919B00479325 /* Views */ = {
			isa = PBXGroup;
			children = (
				DE7807B726EA227D00FC5FAF /* MainView.swift */,
				DE8E8FC926F491AE00479325 /* ConfigurationView.swift */,
				DE8E8FDB26F4D2E200479325 /* HelpView.swift */,
			);
			path = Views;
			sourceTree = "<group>";
		};
/* End PBXGroup section */

/* Begin PBXNativeTarget section */
		DE7807BC26EA227E00FC5FAF /* Tempo (iOS) */ = {
			isa = PBXNativeTarget;
			buildConfigurationList = DE7807D126EA227E00FC5FAF /* Build configuration list for PBXNativeTarget "Tempo (iOS)" */;
			buildPhases = (
				DE7807B926EA227E00FC5FAF /* Sources */,
				DE7807BA26EA227E00FC5FAF /* Frameworks */,
				DE7807BB26EA227E00FC5FAF /* Resources */,
			);
			buildRules = (
			);
			dependencies = (
			);
			name = "Tempo (iOS)";
			productName = "Tempo (iOS)";
			productReference = DE7807BD26EA227E00FC5FAF /* Tempo.app */;
			productType = "com.apple.product-type.application";
		};
		DE7807C426EA227E00FC5FAF /* Tempo (macOS) */ = {
			isa = PBXNativeTarget;
			buildConfigurationList = DE7807D426EA227E00FC5FAF /* Build configuration list for PBXNativeTarget "Tempo (macOS)" */;
			buildPhases = (
				DE7807C126EA227E00FC5FAF /* Sources */,
				DE7807C226EA227E00FC5FAF /* Frameworks */,
				DE7807C326EA227E00FC5FAF /* Resources */,
			);
			buildRules = (
			);
			dependencies = (
			);
			name = "Tempo (macOS)";
			productName = "Tempo (macOS)";
			productReference = DE7807C526EA227E00FC5FAF /* Tempo.app */;
			productType = "com.apple.product-type.application";
		};
/* End PBXNativeTarget section */

/* Begin PBXProject section */
		DE7807B126EA227D00FC5FAF /* Project object */ = {
			isa = PBXProject;
			attributes = {
				LastSwiftUpdateCheck = 1250;
				LastUpgradeCheck = 1300;
				TargetAttributes = {
					DE7807BC26EA227E00FC5FAF = {
						CreatedOnToolsVersion = 12.5.1;
					};
					DE7807C426EA227E00FC5FAF = {
						CreatedOnToolsVersion = 12.5.1;
					};
				};
			};
			buildConfigurationList = DE7807B426EA227D00FC5FAF /* Build configuration list for PBXProject "Tempo" */;
			compatibilityVersion = "Xcode 9.3";
			developmentRegion = en;
			hasScannedForEncodings = 0;
			knownRegions = (
				en,
				Base,
			);
			mainGroup = DE7807B026EA227D00FC5FAF;
			productRefGroup = DE7807BE26EA227E00FC5FAF /* Products */;
			projectDirPath = "";
			projectRoot = "";
			targets = (
				DE7807BC26EA227E00FC5FAF /* Tempo (iOS) */,
				DE7807C426EA227E00FC5FAF /* Tempo (macOS) */,
			);
		};
/* End PBXProject section */

/* Begin PBXResourcesBuildPhase section */
		DE7807BB26EA227E00FC5FAF /* Resources */ = {
			isa = PBXResourcesBuildPhase;
			buildActionMask = 2147483647;
			files = (
				DE8B789926F1F4B70029045B /* Sora-Regular.ttf in Resources */,
				DE8B789B26F1F4B70029045B /* Sora-SemiBold.ttf in Resources */,
				DE7807CD26EA227E00FC5FAF /* Assets.xcassets in Resources */,
			);
			runOnlyForDeploymentPostprocessing = 0;
		};
		DE7807C326EA227E00FC5FAF /* Resources */ = {
			isa = PBXResourcesBuildPhase;
			buildActionMask = 2147483647;
			files = (
				DE8B789A26F1F4B70029045B /* Sora-Regular.ttf in Resources */,
				DE8B789C26F1F4B70029045B /* Sora-SemiBold.ttf in Resources */,
				DE7807CE26EA227E00FC5FAF /* Assets.xcassets in Resources */,
			);
			runOnlyForDeploymentPostprocessing = 0;
		};
/* End PBXResourcesBuildPhase section */

/* Begin PBXSourcesBuildPhase section */
		DE7807B926EA227E00FC5FAF /* Sources */ = {
			isa = PBXSourcesBuildPhase;
			buildActionMask = 2147483647;
			files = (
				DE7807EB26EA47F900FC5FAF /* TimerWheel.swift in Sources */,
				DE8E8FDC26F4D2E200479325 /* HelpView.swift in Sources */,
				DE8E8FCA26F491AE00479325 /* ConfigurationView.swift in Sources */,
				DE7807E726EA466900FC5FAF /* SafeAreaInsetsKey.swift in Sources */,
				DE7807E126EA43EF00FC5FAF /* Color_extension.swift in Sources */,
				DE80A04526EB63AF00598DC6 /* ArcCircle.swift in Sources */,
				DE7807CB26EA227E00FC5FAF /* MainView.swift in Sources */,
				DE469C6826F367180048F9DE /* TempoConfiguration.swift in Sources */,
				DE7807ED26EA4A5E00FC5FAF /* TimeIndicator.swift in Sources */,
				DE8E8FD926F4CCA700479325 /* ConfigurationSuccessScreen.swift in Sources */,
				DE7807E426EA44CA00FC5FAF /* RoundedCornerShape.swift in Sources */,
				DE8E8FD026F4944200479325 /* NewWiFiForm.swift in Sources */,
				DE8E8FD626F4C7DC00479325 /* TempoConfigurator.swift in Sources */,
				DE8B789E26F1F52A0029045B /* Fonts.swift in Sources */,
				DEE6960126EB847B00BB1EC1 /* TempoFinder.swift in Sources */,
				DE7807E926EA47CB00FC5FAF /* TimerDisplay.swift in Sources */,
				DEE50E6D26FA0BE6009C9CB6 /* ErrorToast.swift in Sources */,
				DE5A327326F8938900A3EF26 /* NSBezierPath_extension.swift in Sources */,
				DE06083026F2395800BF3AFB /* SecondaryAction.swift in Sources */,
				DEFACEB526F0EC42008A1D79 /* DispatchQueue_extension.swift in Sources */,
				DE80A04126EB607600598DC6 /* TempoInterface.swift in Sources */,
				DE7807DD26EA3FEA00FC5FAF /* TempoLink.swift in Sources */,
				DE8E8FD326F4952E00479325 /* InputField.swift in Sources */,
				DE80A04326EB624A00598DC6 /* TempoButton.swift in Sources */,
				DE7807DA26EA3F6000FC5FAF /* Header.swift in Sources */,
				DE7807C926EA227E00FC5FAF /* TempoApp.swift in Sources */,
				DE8E8FCD26F492CF00479325 /* WiFiCard.swift in Sources */,
				DEE6960426EB918300BB1EC1 /* TempoRepresentation.swift in Sources */,
			);
			runOnlyForDeploymentPostprocessing = 0;
		};
		DE7807C126EA227E00FC5FAF /* Sources */ = {
			isa = PBXSourcesBuildPhase;
			buildActionMask = 2147483647;
			files = (
				DE15AB3426EB73A300B6AB27 /* ArcCircle.swift in Sources */,
				DE8E8FDD26F4D2E200479325 /* HelpView.swift in Sources */,
				DE8E8FCB26F491AE00479325 /* ConfigurationView.swift in Sources */,
				DE15AB3826EB73AF00B6AB27 /* Header.swift in Sources */,
				DE15AB3B26EB73C600B6AB27 /* RoundedCornerShape.swift in Sources */,
				DE15AB3726EB73AC00B6AB27 /* TimerWheel.swift in Sources */,
				DE7807CC26EA227E00FC5FAF /* MainView.swift in Sources */,
				DE469C6926F367180048F9DE /* TempoConfiguration.swift in Sources */,
				DE15AB3926EB73B900B6AB27 /* TimerDisplay.swift in Sources */,
				DE8E8FDA26F4CCA700479325 /* ConfigurationSuccessScreen.swift in Sources */,
				DE15AB3326EB738F00B6AB27 /* TempoLink.swift in Sources */,
				DE8E8FD126F4944200479325 /* NewWiFiForm.swift in Sources */,
				DE8E8FD726F4C7DC00479325 /* TempoConfigurator.swift in Sources */,
				DE8B789F26F1F52A0029045B /* Fonts.swift in Sources */,
				DEE6960226EB847B00BB1EC1 /* TempoFinder.swift in Sources */,
				DE7807EE26EA4A5E00FC5FAF /* TimeIndicator.swift in Sources */,
				DEE50E6E26FA0BE6009C9CB6 /* ErrorToast.swift in Sources */,
				DE5A327426F8938900A3EF26 /* NSBezierPath_extension.swift in Sources */,
				DE06083126F2395800BF3AFB /* SecondaryAction.swift in Sources */,
				DEFACEB626F0EC42008A1D79 /* DispatchQueue_extension.swift in Sources */,
				DE7807CA26EA227E00FC5FAF /* TempoApp.swift in Sources */,
				DE15AB3A26EB73C100B6AB27 /* SafeAreaInsetsKey.swift in Sources */,
				DE8E8FD426F4952E00479325 /* InputField.swift in Sources */,
				DE15AB3C26EB73C900B6AB27 /* Color_extension.swift in Sources */,
				DE15AB3526EB73A500B6AB27 /* TempoInterface.swift in Sources */,
				DE15AB3626EB73A900B6AB27 /* TempoButton.swift in Sources */,
				DE8E8FCE26F492CF00479325 /* WiFiCard.swift in Sources */,
				DEE6960526EB918300BB1EC1 /* TempoRepresentation.swift in Sources */,
			);
			runOnlyForDeploymentPostprocessing = 0;
		};
/* End PBXSourcesBuildPhase section */

/* Begin XCBuildConfiguration section */
		DE7807CF26EA227E00FC5FAF /* Debug */ = {
			isa = XCBuildConfiguration;
			buildSettings = {
				ALWAYS_SEARCH_USER_PATHS = NO;
				CLANG_ANALYZER_NONNULL = YES;
				CLANG_ANALYZER_NUMBER_OBJECT_CONVERSION = YES_AGGRESSIVE;
				CLANG_CXX_LANGUAGE_STANDARD = "gnu++14";
				CLANG_CXX_LIBRARY = "libc++";
				CLANG_ENABLE_MODULES = YES;
				CLANG_ENABLE_OBJC_ARC = YES;
				CLANG_ENABLE_OBJC_WEAK = YES;
				CLANG_WARN_BLOCK_CAPTURE_AUTORELEASING = YES;
				CLANG_WARN_BOOL_CONVERSION = YES;
				CLANG_WARN_COMMA = YES;
				CLANG_WARN_CONSTANT_CONVERSION = YES;
				CLANG_WARN_DEPRECATED_OBJC_IMPLEMENTATIONS = YES;
				CLANG_WARN_DIRECT_OBJC_ISA_USAGE = YES_ERROR;
				CLANG_WARN_DOCUMENTATION_COMMENTS = YES;
				CLANG_WARN_EMPTY_BODY = YES;
				CLANG_WARN_ENUM_CONVERSION = YES;
				CLANG_WARN_INFINITE_RECURSION = YES;
				CLANG_WARN_INT_CONVERSION = YES;
				CLANG_WARN_NON_LITERAL_NULL_CONVERSION = YES;
				CLANG_WARN_OBJC_IMPLICIT_RETAIN_SELF = YES;
				CLANG_WARN_OBJC_LITERAL_CONVERSION = YES;
				CLANG_WARN_OBJC_ROOT_CLASS = YES_ERROR;
				CLANG_WARN_QUOTED_INCLUDE_IN_FRAMEWORK_HEADER = YES;
				CLANG_WARN_RANGE_LOOP_ANALYSIS = YES;
				CLANG_WARN_STRICT_PROTOTYPES = YES;
				CLANG_WARN_SUSPICIOUS_MOVE = YES;
				CLANG_WARN_UNGUARDED_AVAILABILITY = YES_AGGRESSIVE;
				CLANG_WARN_UNREACHABLE_CODE = YES;
				CLANG_WARN__DUPLICATE_METHOD_MATCH = YES;
				COPY_PHASE_STRIP = NO;
				DEBUG_INFORMATION_FORMAT = dwarf;
				ENABLE_STRICT_OBJC_MSGSEND = YES;
				ENABLE_TESTABILITY = YES;
				GCC_C_LANGUAGE_STANDARD = gnu11;
				GCC_DYNAMIC_NO_PIC = NO;
				GCC_NO_COMMON_BLOCKS = YES;
				GCC_OPTIMIZATION_LEVEL = 0;
				GCC_PREPROCESSOR_DEFINITIONS = (
					"DEBUG=1",
					"$(inherited)",
				);
				GCC_WARN_64_TO_32_BIT_CONVERSION = YES;
				GCC_WARN_ABOUT_RETURN_TYPE = YES_ERROR;
				GCC_WARN_UNDECLARED_SELECTOR = YES;
				GCC_WARN_UNINITIALIZED_AUTOS = YES_AGGRESSIVE;
				GCC_WARN_UNUSED_FUNCTION = YES;
				GCC_WARN_UNUSED_VARIABLE = YES;
				MTL_ENABLE_DEBUG_INFO = INCLUDE_SOURCE;
				MTL_FAST_MATH = YES;
				ONLY_ACTIVE_ARCH = YES;
				SWIFT_ACTIVE_COMPILATION_CONDITIONS = DEBUG;
				SWIFT_OPTIMIZATION_LEVEL = "-Onone";
			};
			name = Debug;
		};
		DE7807D026EA227E00FC5FAF /* Release */ = {
			isa = XCBuildConfiguration;
			buildSettings = {
				ALWAYS_SEARCH_USER_PATHS = NO;
				CLANG_ANALYZER_NONNULL = YES;
				CLANG_ANALYZER_NUMBER_OBJECT_CONVERSION = YES_AGGRESSIVE;
				CLANG_CXX_LANGUAGE_STANDARD = "gnu++14";
				CLANG_CXX_LIBRARY = "libc++";
				CLANG_ENABLE_MODULES = YES;
				CLANG_ENABLE_OBJC_ARC = YES;
				CLANG_ENABLE_OBJC_WEAK = YES;
				CLANG_WARN_BLOCK_CAPTURE_AUTORELEASING = YES;
				CLANG_WARN_BOOL_CONVERSION = YES;
				CLANG_WARN_COMMA = YES;
				CLANG_WARN_CONSTANT_CONVERSION = YES;
				CLANG_WARN_DEPRECATED_OBJC_IMPLEMENTATIONS = YES;
				CLANG_WARN_DIRECT_OBJC_ISA_USAGE = YES_ERROR;
				CLANG_WARN_DOCUMENTATION_COMMENTS = YES;
				CLANG_WARN_EMPTY_BODY = YES;
				CLANG_WARN_ENUM_CONVERSION = YES;
				CLANG_WARN_INFINITE_RECURSION = YES;
				CLANG_WARN_INT_CONVERSION = YES;
				CLANG_WARN_NON_LITERAL_NULL_CONVERSION = YES;
				CLANG_WARN_OBJC_IMPLICIT_RETAIN_SELF = YES;
				CLANG_WARN_OBJC_LITERAL_CONVERSION = YES;
				CLANG_WARN_OBJC_ROOT_CLASS = YES_ERROR;
				CLANG_WARN_QUOTED_INCLUDE_IN_FRAMEWORK_HEADER = YES;
				CLANG_WARN_RANGE_LOOP_ANALYSIS = YES;
				CLANG_WARN_STRICT_PROTOTYPES = YES;
				CLANG_WARN_SUSPICIOUS_MOVE = YES;
				CLANG_WARN_UNGUARDED_AVAILABILITY = YES_AGGRESSIVE;
				CLANG_WARN_UNREACHABLE_CODE = YES;
				CLANG_WARN__DUPLICATE_METHOD_MATCH = YES;
				COPY_PHASE_STRIP = NO;
				DEBUG_INFORMATION_FORMAT = "dwarf-with-dsym";
				ENABLE_NS_ASSERTIONS = NO;
				ENABLE_STRICT_OBJC_MSGSEND = YES;
				GCC_C_LANGUAGE_STANDARD = gnu11;
				GCC_NO_COMMON_BLOCKS = YES;
				GCC_WARN_64_TO_32_BIT_CONVERSION = YES;
				GCC_WARN_ABOUT_RETURN_TYPE = YES_ERROR;
				GCC_WARN_UNDECLARED_SELECTOR = YES;
				GCC_WARN_UNINITIALIZED_AUTOS = YES_AGGRESSIVE;
				GCC_WARN_UNUSED_FUNCTION = YES;
				GCC_WARN_UNUSED_VARIABLE = YES;
				MTL_ENABLE_DEBUG_INFO = NO;
				MTL_FAST_MATH = YES;
				SWIFT_COMPILATION_MODE = wholemodule;
				SWIFT_OPTIMIZATION_LEVEL = "-O";
			};
			name = Release;
		};
		DE7807D226EA227E00FC5FAF /* Debug */ = {
			isa = XCBuildConfiguration;
			buildSettings = {
				ASSETCATALOG_COMPILER_APPICON_NAME = AppIcon;
				ASSETCATALOG_COMPILER_GLOBAL_ACCENT_COLOR_NAME = AccentColor;
				CODE_SIGN_ENTITLEMENTS = Tempo.entitlements;
				"CODE_SIGN_IDENTITY[sdk=macosx*]" = "Apple Development";
				CODE_SIGN_STYLE = Automatic;
				DEVELOPMENT_TEAM = AU9T7HA2AB;
				ENABLE_PREVIEWS = YES;
				INFOPLIST_FILE = iOS/Info.plist;
				IPHONEOS_DEPLOYMENT_TARGET = 14.0;
				LD_RUNPATH_SEARCH_PATHS = (
					"$(inherited)",
					"@executable_path/Frameworks",
				);
				MARKETING_VERSION = 0.2.1;
				PRODUCT_BUNDLE_IDENTIFIER = fr.meaningful.tempobymeaningful;
				PRODUCT_NAME = Tempo;
				SDKROOT = iphoneos;
				SUPPORTS_MACCATALYST = YES;
				SWIFT_VERSION = 5.0;
				TARGETED_DEVICE_FAMILY = "1,2";
			};
			name = Debug;
		};
		DE7807D326EA227E00FC5FAF /* Release */ = {
			isa = XCBuildConfiguration;
			buildSettings = {
				ASSETCATALOG_COMPILER_APPICON_NAME = AppIcon;
				ASSETCATALOG_COMPILER_GLOBAL_ACCENT_COLOR_NAME = AccentColor;
				CODE_SIGN_ENTITLEMENTS = Tempo.entitlements;
				"CODE_SIGN_IDENTITY[sdk=macosx*]" = "Apple Development";
				CODE_SIGN_STYLE = Automatic;
				DEVELOPMENT_TEAM = AU9T7HA2AB;
				ENABLE_PREVIEWS = YES;
				INFOPLIST_FILE = iOS/Info.plist;
				IPHONEOS_DEPLOYMENT_TARGET = 14.0;
				LD_RUNPATH_SEARCH_PATHS = (
					"$(inherited)",
					"@executable_path/Frameworks",
				);
				MARKETING_VERSION = 0.2.1;
				PRODUCT_BUNDLE_IDENTIFIER = fr.meaningful.tempobymeaningful;
				PRODUCT_NAME = Tempo;
				SDKROOT = iphoneos;
				SUPPORTS_MACCATALYST = YES;
				SWIFT_VERSION = 5.0;
				TARGETED_DEVICE_FAMILY = "1,2";
				VALIDATE_PRODUCT = YES;
			};
			name = Release;
		};
		DE7807D526EA227E00FC5FAF /* Debug */ = {
			isa = XCBuildConfiguration;
			buildSettings = {
				ASSETCATALOG_COMPILER_APPICON_NAME = AppIcon;
				ASSETCATALOG_COMPILER_GLOBAL_ACCENT_COLOR_NAME = AccentColor;
				CODE_SIGN_ENTITLEMENTS = macOS/macOS.entitlements;
				CODE_SIGN_IDENTITY = "-";
				CODE_SIGN_STYLE = Automatic;
				COMBINE_HIDPI_IMAGES = YES;
				DEVELOPMENT_TEAM = AU9T7HA2AB;
				ENABLE_HARDENED_RUNTIME = YES;
				ENABLE_PREVIEWS = YES;
				INFOPLIST_FILE = macOS/Info.plist;
				LD_RUNPATH_SEARCH_PATHS = (
					"$(inherited)",
					"@executable_path/../Frameworks",
				);
				MACOSX_DEPLOYMENT_TARGET = 11.0;
				MARKETING_VERSION = 0.2.1;
				PRODUCT_BUNDLE_IDENTIFIER = fr.meaningful.tempobymeaningful;
				PRODUCT_NAME = Tempo;
				SDKROOT = macosx;
				SWIFT_VERSION = 5.0;
			};
			name = Debug;
		};
		DE7807D626EA227E00FC5FAF /* Release */ = {
			isa = XCBuildConfiguration;
			buildSettings = {
				ASSETCATALOG_COMPILER_APPICON_NAME = AppIcon;
				ASSETCATALOG_COMPILER_GLOBAL_ACCENT_COLOR_NAME = AccentColor;
				CODE_SIGN_ENTITLEMENTS = macOS/macOS.entitlements;
				CODE_SIGN_IDENTITY = "-";
				CODE_SIGN_STYLE = Automatic;
				COMBINE_HIDPI_IMAGES = YES;
				DEVELOPMENT_TEAM = AU9T7HA2AB;
				ENABLE_HARDENED_RUNTIME = YES;
				ENABLE_PREVIEWS = YES;
				INFOPLIST_FILE = macOS/Info.plist;
				LD_RUNPATH_SEARCH_PATHS = (
					"$(inherited)",
					"@executable_path/../Frameworks",
				);
				MACOSX_DEPLOYMENT_TARGET = 11.0;
				MARKETING_VERSION = 0.2.1;
				PRODUCT_BUNDLE_IDENTIFIER = fr.meaningful.tempobymeaningful;
				PRODUCT_NAME = Tempo;
				SDKROOT = macosx;
				SWIFT_VERSION = 5.0;
			};
			name = Release;
		};
/* End XCBuildConfiguration section */

/* Begin XCConfigurationList section */
		DE7807B426EA227D00FC5FAF /* Build configuration list for PBXProject "Tempo" */ = {
			isa = XCConfigurationList;
			buildConfigurations = (
				DE7807CF26EA227E00FC5FAF /* Debug */,
				DE7807D026EA227E00FC5FAF /* Release */,
			);
			defaultConfigurationIsVisible = 0;
			defaultConfigurationName = Release;
		};
		DE7807D126EA227E00FC5FAF /* Build configuration list for PBXNativeTarget "Tempo (iOS)" */ = {
			isa = XCConfigurationList;
			buildConfigurations = (
				DE7807D226EA227E00FC5FAF /* Debug */,
				DE7807D326EA227E00FC5FAF /* Release */,
			);
			defaultConfigurationIsVisible = 0;
			defaultConfigurationName = Release;
		};
		DE7807D426EA227E00FC5FAF /* Build configuration list for PBXNativeTarget "Tempo (macOS)" */ = {
			isa = XCConfigurationList;
			buildConfigurations = (
				DE7807D526EA227E00FC5FAF /* Debug */,
				DE7807D626EA227E00FC5FAF /* Release */,
			);
			defaultConfigurationIsVisible = 0;
			defaultConfigurationName = Release;
		};
/* End XCConfigurationList section */
	};
	rootObject = DE7807B126EA227D00FC5FAF /* Project object */;
}
